
Microsoft Visual Studio Solution File, Format Version 12.00
# Visual Studio Version 16
VisualStudioVersion = 16.0.30621.155
MinimumVisualStudioVersion = 10.0.40219.1
Project("{FAE04EC0-301F-11D3-BF4B-00C04F79EFBC}") = "ManagementSystemCRUD", "ManagementSystemCRUD\ManagementSystemCRUD.csproj", "{61D5DB37-21D5-47B2-84F2-8138F4CE1FBE}"
EndProject
Global
	GlobalSection(SolutionConfigurationPlatforms) = preSolution
		Debug|Any CPU = Debug|Any CPU
		Release|Any CPU = Release|Any CPU
	EndGlobalSection
	GlobalSection(ProjectConfigurationPlatforms) = postSolution
		{61D5DB37-21D5-47B2-84F2-8138F4CE1FBE}.Debug|Any CPU.ActiveCfg = Debug|Any CPU
		{61D5DB37-21D5-47B2-84F2-8138F4CE1FBE}.Debug|Any CPU.Build.0 = Debug|Any CPU
		{61D5DB37-21D5-47B2-84F2-8138F4CE1FBE}.Release|Any CPU.ActiveCfg = Release|Any CPU
		{61D5DB37-21D5-47B2-84F2-8138F4CE1FBE}.Release|Any CPU.Build.0 = Release|Any CPU
	EndGlobalSection
	GlobalSection(SolutionProperties) = preSolution
		HideSolutionNode = FALSE
	EndGlobalSection
	GlobalSection(ExtensibilityGlobals) = postSolution
		SolutionGuid = {6CB83A5B-9ED2-4556-877A-2653BF9E5D61}
	EndGlobalSection
EndGlobal
